// !$*UTF8*$!
{
	archiveVersion = 1;
	classes = {
	};
	objectVersion = 52;
	objects = {

/* Begin PBXBuildFile section */
		601EC4B22439A97F008FCCCB /* VehicleDetailView.swift in Sources */ = {isa = PBXBuildFile; fileRef = 601EC4B12439A97F008FCCCB /* VehicleDetailView.swift */; };
		601EC4B42439C2F6008FCCCB /* VehicleView.swift in Sources */ = {isa = PBXBuildFile; fileRef = 601EC4B32439C2F6008FCCCB /* VehicleView.swift */; };
		601EC4B82439C371008FCCCB /* Vehicle.swift in Sources */ = {isa = PBXBuildFile; fileRef = 601EC4B72439C371008FCCCB /* Vehicle.swift */; };
		601EC4BA2439D2A8008FCCCB /* HTechSpecDescriptionView.swift in Sources */ = {isa = PBXBuildFile; fileRef = 601EC4B92439D2A8008FCCCB /* HTechSpecDescriptionView.swift */; };
		601EC4BC243B0AC4008FCCCB /* VideoPlayer.swift in Sources */ = {isa = PBXBuildFile; fileRef = 601EC4BB243B0AC4008FCCCB /* VideoPlayer.swift */; };
		601EC4BE243B0B47008FCCCB /* VehiclesViewModel.swift in Sources */ = {isa = PBXBuildFile; fileRef = 601EC4BD243B0B47008FCCCB /* VehiclesViewModel.swift */; };
		60620A6E24395B2D007B36C5 /* ImageStore.swift in Sources */ = {isa = PBXBuildFile; fileRef = 60620A6D24395B2D007B36C5 /* ImageStore.swift */; };
		60620A7E24395C49007B36C5 /* RootView.swift in Sources */ = {isa = PBXBuildFile; fileRef = 60620A7D24395C49007B36C5 /* RootView.swift */; };
		60620A8024395C53007B36C5 /* VehiclesView.swift in Sources */ = {isa = PBXBuildFile; fileRef = 60620A7F24395C53007B36C5 /* VehiclesView.swift */; };
		60620A8324395C6E007B36C5 /* SDWebImageSwiftUI in Frameworks */ = {isa = PBXBuildFile; productRef = 60620A8224395C6E007B36C5 /* SDWebImageSwiftUI */; };
		60620A8524395C7E007B36C5 /* BlogPostsView.swift in Sources */ = {isa = PBXBuildFile; fileRef = 60620A8424395C7E007B36C5 /* BlogPostsView.swift */; };
		60620A8924395D2B007B36C5 /* PartnersView.swift in Sources */ = {isa = PBXBuildFile; fileRef = 60620A8824395D2B007B36C5 /* PartnersView.swift */; };
		60620A8F24395F25007B36C5 /* PorscheFont.swift in Sources */ = {isa = PBXBuildFile; fileRef = 60620A8B24395F24007B36C5 /* PorscheFont.swift */; };
		60620A902439603D007B36C5 /* PorscheNext-Bold.otf in Resources */ = {isa = PBXBuildFile; fileRef = 60620A8C24395F24007B36C5 /* PorscheNext-Bold.otf */; };
		60620A9124396046007B36C5 /* PorscheNext-Regular.otf in Resources */ = {isa = PBXBuildFile; fileRef = 60620A8D24395F24007B36C5 /* PorscheNext-Regular.otf */; };
		60620A9224396048007B36C5 /* PorscheNext-SemiBold.otf in Resources */ = {isa = PBXBuildFile; fileRef = 60620A8E24395F25007B36C5 /* PorscheNext-SemiBold.otf */; };
		60620A932439604A007B36C5 /* PorscheNext-Thin.otf in Resources */ = {isa = PBXBuildFile; fileRef = 60620A8A24395F24007B36C5 /* PorscheNext-Thin.otf */; };
		6063DE6A243886ED002C1536 /* AppDelegate.swift in Sources */ = {isa = PBXBuildFile; fileRef = 6063DE69243886ED002C1536 /* AppDelegate.swift */; };
		6063DE6C243886ED002C1536 /* SceneDelegate.swift in Sources */ = {isa = PBXBuildFile; fileRef = 6063DE6B243886ED002C1536 /* SceneDelegate.swift */; };
		6063DE6E243886ED002C1536 /* ContentView.swift in Sources */ = {isa = PBXBuildFile; fileRef = 6063DE6D243886ED002C1536 /* ContentView.swift */; };
		6063DE70243886ED002C1536 /* Assets.xcassets in Resources */ = {isa = PBXBuildFile; fileRef = 6063DE6F243886ED002C1536 /* Assets.xcassets */; };
		6063DE73243886ED002C1536 /* Preview Assets.xcassets in Resources */ = {isa = PBXBuildFile; fileRef = 6063DE72243886ED002C1536 /* Preview Assets.xcassets */; };
		6063DE76243886ED002C1536 /* LaunchScreen.storyboard in Resources */ = {isa = PBXBuildFile; fileRef = 6063DE74243886ED002C1536 /* LaunchScreen.storyboard */; };
		6063DE81243886ED002C1536 /* Porsche_MotorsportTests.swift in Sources */ = {isa = PBXBuildFile; fileRef = 6063DE80243886ED002C1536 /* Porsche_MotorsportTests.swift */; };
		6072F896243989B80019771A /* UIColor+Extension.swift in Sources */ = {isa = PBXBuildFile; fileRef = 6072F895243989B80019771A /* UIColor+Extension.swift */; };
/* End PBXBuildFile section */

/* Begin PBXContainerItemProxy section */
		6063DE7D243886ED002C1536 /* PBXContainerItemProxy */ = {
			isa = PBXContainerItemProxy;
			containerPortal = 6063DE5E243886ED002C1536 /* Project object */;
			proxyType = 1;
			remoteGlobalIDString = 6063DE65243886ED002C1536;
			remoteInfo = "Porsche Motorsport";
		};
/* End PBXContainerItemProxy section */

/* Begin PBXFileReference section */
		601EC4B12439A97F008FCCCB /* VehicleDetailView.swift */ = {isa = PBXFileReference; lastKnownFileType = sourcecode.swift; path = VehicleDetailView.swift; sourceTree = "<group>"; };
		601EC4B32439C2F6008FCCCB /* VehicleView.swift */ = {isa = PBXFileReference; lastKnownFileType = sourcecode.swift; path = VehicleView.swift; sourceTree = "<group>"; };
		601EC4B72439C371008FCCCB /* Vehicle.swift */ = {isa = PBXFileReference; lastKnownFileType = sourcecode.swift; path = Vehicle.swift; sourceTree = "<group>"; };
		601EC4B92439D2A8008FCCCB /* HTechSpecDescriptionView.swift */ = {isa = PBXFileReference; lastKnownFileType = sourcecode.swift; path = HTechSpecDescriptionView.swift; sourceTree = "<group>"; };
		601EC4BB243B0AC4008FCCCB /* VideoPlayer.swift */ = {isa = PBXFileReference; lastKnownFileType = sourcecode.swift; path = VideoPlayer.swift; sourceTree = "<group>"; };
		601EC4BD243B0B47008FCCCB /* VehiclesViewModel.swift */ = {isa = PBXFileReference; lastKnownFileType = sourcecode.swift; path = VehiclesViewModel.swift; sourceTree = "<group>"; };
		60620A6D24395B2D007B36C5 /* ImageStore.swift */ = {isa = PBXFileReference; fileEncoding = 4; lastKnownFileType = sourcecode.swift; path = ImageStore.swift; sourceTree = "<group>"; };
		60620A7D24395C49007B36C5 /* RootView.swift */ = {isa = PBXFileReference; lastKnownFileType = sourcecode.swift; path = RootView.swift; sourceTree = "<group>"; };
		60620A7F24395C53007B36C5 /* VehiclesView.swift */ = {isa = PBXFileReference; lastKnownFileType = sourcecode.swift; path = VehiclesView.swift; sourceTree = "<group>"; };
		60620A8424395C7E007B36C5 /* BlogPostsView.swift */ = {isa = PBXFileReference; lastKnownFileType = sourcecode.swift; path = BlogPostsView.swift; sourceTree = "<group>"; };
		60620A8824395D2B007B36C5 /* PartnersView.swift */ = {isa = PBXFileReference; lastKnownFileType = sourcecode.swift; path = PartnersView.swift; sourceTree = "<group>"; };
		60620A8A24395F24007B36C5 /* PorscheNext-Thin.otf */ = {isa = PBXFileReference; lastKnownFileType = file; path = "PorscheNext-Thin.otf"; sourceTree = "<group>"; };
		60620A8B24395F24007B36C5 /* PorscheFont.swift */ = {isa = PBXFileReference; lastKnownFileType = sourcecode.swift; path = PorscheFont.swift; sourceTree = "<group>"; };
		60620A8C24395F24007B36C5 /* PorscheNext-Bold.otf */ = {isa = PBXFileReference; lastKnownFileType = file; path = "PorscheNext-Bold.otf"; sourceTree = "<group>"; };
		60620A8D24395F24007B36C5 /* PorscheNext-Regular.otf */ = {isa = PBXFileReference; lastKnownFileType = file; path = "PorscheNext-Regular.otf"; sourceTree = "<group>"; };
		60620A8E24395F25007B36C5 /* PorscheNext-SemiBold.otf */ = {isa = PBXFileReference; lastKnownFileType = file; path = "PorscheNext-SemiBold.otf"; sourceTree = "<group>"; };
		6063DE66243886ED002C1536 /* Porsche Motorsport.app */ = {isa = PBXFileReference; explicitFileType = wrapper.application; includeInIndex = 0; path = "Porsche Motorsport.app"; sourceTree = BUILT_PRODUCTS_DIR; };
		6063DE69243886ED002C1536 /* AppDelegate.swift */ = {isa = PBXFileReference; lastKnownFileType = sourcecode.swift; path = AppDelegate.swift; sourceTree = "<group>"; };
		6063DE6B243886ED002C1536 /* SceneDelegate.swift */ = {isa = PBXFileReference; lastKnownFileType = sourcecode.swift; path = SceneDelegate.swift; sourceTree = "<group>"; };
		6063DE6D243886ED002C1536 /* ContentView.swift */ = {isa = PBXFileReference; lastKnownFileType = sourcecode.swift; path = ContentView.swift; sourceTree = "<group>"; };
		6063DE6F243886ED002C1536 /* Assets.xcassets */ = {isa = PBXFileReference; lastKnownFileType = folder.assetcatalog; path = Assets.xcassets; sourceTree = "<group>"; };
		6063DE72243886ED002C1536 /* Preview Assets.xcassets */ = {isa = PBXFileReference; lastKnownFileType = folder.assetcatalog; path = "Preview Assets.xcassets"; sourceTree = "<group>"; };
		6063DE75243886ED002C1536 /* Base */ = {isa = PBXFileReference; lastKnownFileType = file.storyboard; name = Base; path = Base.lproj/LaunchScreen.storyboard; sourceTree = "<group>"; };
		6063DE77243886ED002C1536 /* Info.plist */ = {isa = PBXFileReference; lastKnownFileType = text.plist.xml; path = Info.plist; sourceTree = "<group>"; };
		6063DE7C243886ED002C1536 /* Porsche MotorsportTests.xctest */ = {isa = PBXFileReference; explicitFileType = wrapper.cfbundle; includeInIndex = 0; path = "Porsche MotorsportTests.xctest"; sourceTree = BUILT_PRODUCTS_DIR; };
		6063DE80243886ED002C1536 /* Porsche_MotorsportTests.swift */ = {isa = PBXFileReference; lastKnownFileType = sourcecode.swift; path = Porsche_MotorsportTests.swift; sourceTree = "<group>"; };
		6063DE82243886ED002C1536 /* Info.plist */ = {isa = PBXFileReference; lastKnownFileType = text.plist.xml; path = Info.plist; sourceTree = "<group>"; };
		6072F895243989B80019771A /* UIColor+Extension.swift */ = {isa = PBXFileReference; lastKnownFileType = sourcecode.swift; path = "UIColor+Extension.swift"; sourceTree = "<group>"; };
/* End PBXFileReference section */

/* Begin PBXFrameworksBuildPhase section */
		6063DE63243886ED002C1536 /* Frameworks */ = {
			isa = PBXFrameworksBuildPhase;
			buildActionMask = 2147483647;
			files = (
				60620A8324395C6E007B36C5 /* SDWebImageSwiftUI in Frameworks */,
			);
			runOnlyForDeploymentPostprocessing = 0;
		};
		6063DE79243886ED002C1536 /* Frameworks */ = {
			isa = PBXFrameworksBuildPhase;
			buildActionMask = 2147483647;
			files = (
			);
			runOnlyForDeploymentPostprocessing = 0;
		};
/* End PBXFrameworksBuildPhase section */

/* Begin PBXGroup section */
		601EC4B52439C360008FCCCB /* Models */ = {
			isa = PBXGroup;
			children = (
				601EC4B72439C371008FCCCB /* Vehicle.swift */,
			);
			path = Models;
			sourceTree = "<group>";
		};
		601EC4BF243B0B61008FCCCB /* ViewModels */ = {
			isa = PBXGroup;
			children = (
				601EC4BD243B0B47008FCCCB /* VehiclesViewModel.swift */,
			);
			path = ViewModels;
			sourceTree = "<group>";
		};
		6063DE5D243886ED002C1536 = {
			isa = PBXGroup;
			children = (
				6063DE68243886ED002C1536 /* Porsche Motorsport */,
				6063DE7F243886ED002C1536 /* Porsche MotorsportTests */,
				6063DE67243886ED002C1536 /* Products */,
			);
			sourceTree = "<group>";
		};
		6063DE67243886ED002C1536 /* Products */ = {
			isa = PBXGroup;
			children = (
				6063DE66243886ED002C1536 /* Porsche Motorsport.app */,
				6063DE7C243886ED002C1536 /* Porsche MotorsportTests.xctest */,
			);
			name = Products;
			sourceTree = "<group>";
		};
		6063DE68243886ED002C1536 /* Porsche Motorsport */ = {
			isa = PBXGroup;
			children = (
				6072F895243989B80019771A /* UIColor+Extension.swift */,
				601EC4BB243B0AC4008FCCCB /* VideoPlayer.swift */,
				601EC4B52439C360008FCCCB /* Models */,
				6072F89724398DB30019771A /* Views */,
				601EC4BF243B0B61008FCCCB /* ViewModels */,
				6072F894243988D20019771A /* Porsche Font */,
				6063DE69243886ED002C1536 /* AppDelegate.swift */,
				60620A6D24395B2D007B36C5 /* ImageStore.swift */,
				6063DE6B243886ED002C1536 /* SceneDelegate.swift */,
				6063DE6D243886ED002C1536 /* ContentView.swift */,
				6063DE6F243886ED002C1536 /* Assets.xcassets */,
				6063DE74243886ED002C1536 /* LaunchScreen.storyboard */,
				6063DE77243886ED002C1536 /* Info.plist */,
				6063DE71243886ED002C1536 /* Preview Content */,
			);
			path = "Porsche Motorsport";
			sourceTree = "<group>";
		};
		6063DE71243886ED002C1536 /* Preview Content */ = {
			isa = PBXGroup;
			children = (
				6063DE72243886ED002C1536 /* Preview Assets.xcassets */,
			);
			path = "Preview Content";
			sourceTree = "<group>";
		};
		6063DE7F243886ED002C1536 /* Porsche MotorsportTests */ = {
			isa = PBXGroup;
			children = (
				6063DE80243886ED002C1536 /* Porsche_MotorsportTests.swift */,
				6063DE82243886ED002C1536 /* Info.plist */,
			);
			path = "Porsche MotorsportTests";
			sourceTree = "<group>";
		};
		6072F894243988D20019771A /* Porsche Font */ = {
			isa = PBXGroup;
			children = (
				60620A8B24395F24007B36C5 /* PorscheFont.swift */,
				60620A8C24395F24007B36C5 /* PorscheNext-Bold.otf */,
				60620A8D24395F24007B36C5 /* PorscheNext-Regular.otf */,
				60620A8E24395F25007B36C5 /* PorscheNext-SemiBold.otf */,
				60620A8A24395F24007B36C5 /* PorscheNext-Thin.otf */,
			);
			path = "Porsche Font";
			sourceTree = "<group>";
		};
		6072F89724398DB30019771A /* Views */ = {
			isa = PBXGroup;
			children = (
				60620A7D24395C49007B36C5 /* RootView.swift */,
				601EC4B12439A97F008FCCCB /* VehicleDetailView.swift */,
				601EC4B92439D2A8008FCCCB /* HTechSpecDescriptionView.swift */,
				6072F89924398DD50019771A /* TabViews */,
			);
			path = Views;
			sourceTree = "<group>";
		};
		6072F89924398DD50019771A /* TabViews */ = {
			isa = PBXGroup;
			children = (
				60620A7F24395C53007B36C5 /* VehiclesView.swift */,
				60620A8424395C7E007B36C5 /* BlogPostsView.swift */,
				60620A8824395D2B007B36C5 /* PartnersView.swift */,
				601EC4B32439C2F6008FCCCB /* VehicleView.swift */,
			);
			path = TabViews;
			sourceTree = "<group>";
		};
/* End PBXGroup section */

/* Begin PBXNativeTarget section */
		6063DE65243886ED002C1536 /* Porsche Motorsport */ = {
			isa = PBXNativeTarget;
			buildConfigurationList = 6063DE85243886ED002C1536 /* Build configuration list for PBXNativeTarget "Porsche Motorsport" */;
			buildPhases = (
				6063DE62243886ED002C1536 /* Sources */,
				6063DE63243886ED002C1536 /* Frameworks */,
				6063DE64243886ED002C1536 /* Resources */,
			);
			buildRules = (
			);
			dependencies = (
			);
			name = "Porsche Motorsport";
			packageProductDependencies = (
				60620A8224395C6E007B36C5 /* SDWebImageSwiftUI */,
			);
			productName = "Porsche Motorsport";
			productReference = 6063DE66243886ED002C1536 /* Porsche Motorsport.app */;
			productType = "com.apple.product-type.application";
		};
		6063DE7B243886ED002C1536 /* Porsche MotorsportTests */ = {
			isa = PBXNativeTarget;
			buildConfigurationList = 6063DE88243886ED002C1536 /* Build configuration list for PBXNativeTarget "Porsche MotorsportTests" */;
			buildPhases = (
				6063DE78243886ED002C1536 /* Sources */,
				6063DE79243886ED002C1536 /* Frameworks */,
				6063DE7A243886ED002C1536 /* Resources */,
			);
			buildRules = (
			);
			dependencies = (
				6063DE7E243886ED002C1536 /* PBXTargetDependency */,
			);
			name = "Porsche MotorsportTests";
			productName = "Porsche MotorsportTests";
			productReference = 6063DE7C243886ED002C1536 /* Porsche MotorsportTests.xctest */;
			productType = "com.apple.product-type.bundle.unit-test";
		};
/* End PBXNativeTarget section */

/* Begin PBXProject section */
		6063DE5E243886ED002C1536 /* Project object */ = {
			isa = PBXProject;
			attributes = {
				LastSwiftUpdateCheck = 1140;
				LastUpgradeCheck = 1140;
				ORGANIZATIONNAME = "Giovanni Noa";
				TargetAttributes = {
					6063DE65243886ED002C1536 = {
						CreatedOnToolsVersion = 11.4;
					};
					6063DE7B243886ED002C1536 = {
						CreatedOnToolsVersion = 11.4;
						TestTargetID = 6063DE65243886ED002C1536;
					};
				};
			};
			buildConfigurationList = 6063DE61243886ED002C1536 /* Build configuration list for PBXProject "Porsche Motorsport" */;
			compatibilityVersion = "Xcode 9.3";
			developmentRegion = en;
			hasScannedForEncodings = 0;
			knownRegions = (
				en,
				Base,
			);
			mainGroup = 6063DE5D243886ED002C1536;
			packageReferences = (
				60620A8124395C6E007B36C5 /* XCRemoteSwiftPackageReference "SDWebImageSwiftUI" */,
			);
			productRefGroup = 6063DE67243886ED002C1536 /* Products */;
			projectDirPath = "";
			projectRoot = "";
			targets = (
				6063DE65243886ED002C1536 /* Porsche Motorsport */,
				6063DE7B243886ED002C1536 /* Porsche MotorsportTests */,
			);
		};
/* End PBXProject section */

/* Begin PBXResourcesBuildPhase section */
		6063DE64243886ED002C1536 /* Resources */ = {
			isa = PBXResourcesBuildPhase;
			buildActionMask = 2147483647;
			files = (
				60620A902439603D007B36C5 /* PorscheNext-Bold.otf in Resources */,
				6063DE76243886ED002C1536 /* LaunchScreen.storyboard in Resources */,
				60620A9124396046007B36C5 /* PorscheNext-Regular.otf in Resources */,
				6063DE73243886ED002C1536 /* Preview Assets.xcassets in Resources */,
				60620A932439604A007B36C5 /* PorscheNext-Thin.otf in Resources */,
				6063DE70243886ED002C1536 /* Assets.xcassets in Resources */,
				60620A9224396048007B36C5 /* PorscheNext-SemiBold.otf in Resources */,
			);
			runOnlyForDeploymentPostprocessing = 0;
		};
		6063DE7A243886ED002C1536 /* Resources */ = {
			isa = PBXResourcesBuildPhase;
			buildActionMask = 2147483647;
			files = (
			);
			runOnlyForDeploymentPostprocessing = 0;
		};
/* End PBXResourcesBuildPhase section */

/* Begin PBXSourcesBuildPhase section */
		6063DE62243886ED002C1536 /* Sources */ = {
			isa = PBXSourcesBuildPhase;
			buildActionMask = 2147483647;
			files = (
				601EC4B82439C371008FCCCB /* Vehicle.swift in Sources */,
				601EC4BE243B0B47008FCCCB /* VehiclesViewModel.swift in Sources */,
				601EC4BA2439D2A8008FCCCB /* HTechSpecDescriptionView.swift in Sources */,
				60620A8F24395F25007B36C5 /* PorscheFont.swift in Sources */,
				6063DE6A243886ED002C1536 /* AppDelegate.swift in Sources */,
				6063DE6C243886ED002C1536 /* SceneDelegate.swift in Sources */,
				601EC4B22439A97F008FCCCB /* VehicleDetailView.swift in Sources */,
				60620A8924395D2B007B36C5 /* PartnersView.swift in Sources */,
				60620A8524395C7E007B36C5 /* BlogPostsView.swift in Sources */,
				6063DE6E243886ED002C1536 /* ContentView.swift in Sources */,
				601EC4B42439C2F6008FCCCB /* VehicleView.swift in Sources */,
				60620A8024395C53007B36C5 /* VehiclesView.swift in Sources */,
				601EC4BC243B0AC4008FCCCB /* VideoPlayer.swift in Sources */,
				60620A6E24395B2D007B36C5 /* ImageStore.swift in Sources */,
				60620A7E24395C49007B36C5 /* RootView.swift in Sources */,
				6072F896243989B80019771A /* UIColor+Extension.swift in Sources */,
			);
			runOnlyForDeploymentPostprocessing = 0;
		};
		6063DE78243886ED002C1536 /* Sources */ = {
			isa = PBXSourcesBuildPhase;
			buildActionMask = 2147483647;
			files = (
				6063DE81243886ED002C1536 /* Porsche_MotorsportTests.swift in Sources */,
			);
			runOnlyForDeploymentPostprocessing = 0;
		};
/* End PBXSourcesBuildPhase section */

/* Begin PBXTargetDependency section */
		6063DE7E243886ED002C1536 /* PBXTargetDependency */ = {
			isa = PBXTargetDependency;
			target = 6063DE65243886ED002C1536 /* Porsche Motorsport */;
			targetProxy = 6063DE7D243886ED002C1536 /* PBXContainerItemProxy */;
		};
/* End PBXTargetDependency section */

/* Begin PBXVariantGroup section */
		6063DE74243886ED002C1536 /* LaunchScreen.storyboard */ = {
			isa = PBXVariantGroup;
			children = (
				6063DE75243886ED002C1536 /* Base */,
			);
			name = LaunchScreen.storyboard;
			sourceTree = "<group>";
		};
/* End PBXVariantGroup section */

/* Begin XCBuildConfiguration section */
		6063DE83243886ED002C1536 /* Debug */ = {
			isa = XCBuildConfiguration;
			buildSettings = {
				ALWAYS_SEARCH_USER_PATHS = NO;
				CLANG_ANALYZER_NONNULL = YES;
				CLANG_ANALYZER_NUMBER_OBJECT_CONVERSION = YES_AGGRESSIVE;
				CLANG_CXX_LANGUAGE_STANDARD = "gnu++14";
				CLANG_CXX_LIBRARY = "libc++";
				CLANG_ENABLE_MODULES = YES;
				CLANG_ENABLE_OBJC_ARC = YES;
				CLANG_ENABLE_OBJC_WEAK = YES;
				CLANG_WARN_BLOCK_CAPTURE_AUTORELEASING = YES;
				CLANG_WARN_BOOL_CONVERSION = YES;
				CLANG_WARN_COMMA = YES;
				CLANG_WARN_CONSTANT_CONVERSION = YES;
				CLANG_WARN_DEPRECATED_OBJC_IMPLEMENTATIONS = YES;
				CLANG_WARN_DIRECT_OBJC_ISA_USAGE = YES_ERROR;
				CLANG_WARN_DOCUMENTATION_COMMENTS = YES;
				CLANG_WARN_EMPTY_BODY = YES;
				CLANG_WARN_ENUM_CONVERSION = YES;
				CLANG_WARN_INFINITE_RECURSION = YES;
				CLANG_WARN_INT_CONVERSION = YES;
				CLANG_WARN_NON_LITERAL_NULL_CONVERSION = YES;
				CLANG_WARN_OBJC_IMPLICIT_RETAIN_SELF = YES;
				CLANG_WARN_OBJC_LITERAL_CONVERSION = YES;
				CLANG_WARN_OBJC_ROOT_CLASS = YES_ERROR;
				CLANG_WARN_RANGE_LOOP_ANALYSIS = YES;
				CLANG_WARN_STRICT_PROTOTYPES = YES;
				CLANG_WARN_SUSPICIOUS_MOVE = YES;
				CLANG_WARN_UNGUARDED_AVAILABILITY = YES_AGGRESSIVE;
				CLANG_WARN_UNREACHABLE_CODE = YES;
				CLANG_WARN__DUPLICATE_METHOD_MATCH = YES;
				COPY_PHASE_STRIP = NO;
				DEBUG_INFORMATION_FORMAT = dwarf;
				ENABLE_STRICT_OBJC_MSGSEND = YES;
				ENABLE_TESTABILITY = YES;
				GCC_C_LANGUAGE_STANDARD = gnu11;
				GCC_DYNAMIC_NO_PIC = NO;
				GCC_NO_COMMON_BLOCKS = YES;
				GCC_OPTIMIZATION_LEVEL = 0;
				GCC_PREPROCESSOR_DEFINITIONS = (
					"DEBUG=1",
					"$(inherited)",
				);
				GCC_WARN_64_TO_32_BIT_CONVERSION = YES;
				GCC_WARN_ABOUT_RETURN_TYPE = YES_ERROR;
				GCC_WARN_UNDECLARED_SELECTOR = YES;
				GCC_WARN_UNINITIALIZED_AUTOS = YES_AGGRESSIVE;
				GCC_WARN_UNUSED_FUNCTION = YES;
				GCC_WARN_UNUSED_VARIABLE = YES;
				IPHONEOS_DEPLOYMENT_TARGET = 13.4;
				MTL_ENABLE_DEBUG_INFO = INCLUDE_SOURCE;
				MTL_FAST_MATH = YES;
				ONLY_ACTIVE_ARCH = YES;
				SDKROOT = iphoneos;
				SWIFT_ACTIVE_COMPILATION_CONDITIONS = DEBUG;
				SWIFT_OPTIMIZATION_LEVEL = "-Onone";
			};
			name = Debug;
		};
		6063DE84243886ED002C1536 /* Release */ = {
			isa = XCBuildConfiguration;
			buildSettings = {
				ALWAYS_SEARCH_USER_PATHS = NO;
				CLANG_ANALYZER_NONNULL = YES;
				CLANG_ANALYZER_NUMBER_OBJECT_CONVERSION = YES_AGGRESSIVE;
				CLANG_CXX_LANGUAGE_STANDARD = "gnu++14";
				CLANG_CXX_LIBRARY = "libc++";
				CLANG_ENABLE_MODULES = YES;
				CLANG_ENABLE_OBJC_ARC = YES;
				CLANG_ENABLE_OBJC_WEAK = YES;
				CLANG_WARN_BLOCK_CAPTURE_AUTORELEASING = YES;
				CLANG_WARN_BOOL_CONVERSION = YES;
				CLANG_WARN_COMMA = YES;
				CLANG_WARN_CONSTANT_CONVERSION = YES;
				CLANG_WARN_DEPRECATED_OBJC_IMPLEMENTATIONS = YES;
				CLANG_WARN_DIRECT_OBJC_ISA_USAGE = YES_ERROR;
				CLANG_WARN_DOCUMENTATION_COMMENTS = YES;
				CLANG_WARN_EMPTY_BODY = YES;
				CLANG_WARN_ENUM_CONVERSION = YES;
				CLANG_WARN_INFINITE_RECURSION = YES;
				CLANG_WARN_INT_CONVERSION = YES;
				CLANG_WARN_NON_LITERAL_NULL_CONVERSION = YES;
				CLANG_WARN_OBJC_IMPLICIT_RETAIN_SELF = YES;
				CLANG_WARN_OBJC_LITERAL_CONVERSION = YES;
				CLANG_WARN_OBJC_ROOT_CLASS = YES_ERROR;
				CLANG_WARN_RANGE_LOOP_ANALYSIS = YES;
				CLANG_WARN_STRICT_PROTOTYPES = YES;
				CLANG_WARN_SUSPICIOUS_MOVE = YES;
				CLANG_WARN_UNGUARDED_AVAILABILITY = YES_AGGRESSIVE;
				CLANG_WARN_UNREACHABLE_CODE = YES;
				CLANG_WARN__DUPLICATE_METHOD_MATCH = YES;
				COPY_PHASE_STRIP = NO;
				DEBUG_INFORMATION_FORMAT = "dwarf-with-dsym";
				ENABLE_NS_ASSERTIONS = NO;
				ENABLE_STRICT_OBJC_MSGSEND = YES;
				GCC_C_LANGUAGE_STANDARD = gnu11;
				GCC_NO_COMMON_BLOCKS = YES;
				GCC_WARN_64_TO_32_BIT_CONVERSION = YES;
				GCC_WARN_ABOUT_RETURN_TYPE = YES_ERROR;
				GCC_WARN_UNDECLARED_SELECTOR = YES;
				GCC_WARN_UNINITIALIZED_AUTOS = YES_AGGRESSIVE;
				GCC_WARN_UNUSED_FUNCTION = YES;
				GCC_WARN_UNUSED_VARIABLE = YES;
				IPHONEOS_DEPLOYMENT_TARGET = 13.4;
				MTL_ENABLE_DEBUG_INFO = NO;
				MTL_FAST_MATH = YES;
				SDKROOT = iphoneos;
				SWIFT_COMPILATION_MODE = wholemodule;
				SWIFT_OPTIMIZATION_LEVEL = "-O";
				VALIDATE_PRODUCT = YES;
			};
			name = Release;
		};
		6063DE86243886ED002C1536 /* Debug */ = {
			isa = XCBuildConfiguration;
			buildSettings = {
				ASSETCATALOG_COMPILER_APPICON_NAME = AppIcon;
				CODE_SIGN_STYLE = Automatic;
				DEVELOPMENT_ASSET_PATHS = "\"Porsche Motorsport/Preview Content\"";
				DEVELOPMENT_TEAM = HRVS9455XM;
				ENABLE_PREVIEWS = YES;
				INFOPLIST_FILE = "Porsche Motorsport/Info.plist";
				LD_RUNPATH_SEARCH_PATHS = (
					"$(inherited)",
					"@executable_path/Frameworks",
				);
				PRODUCT_BUNDLE_IDENTIFIER = "dev.gionoa.Porsche-Motorsport";
				PRODUCT_NAME = "$(TARGET_NAME)";
				SWIFT_VERSION = 5.0;
				TARGETED_DEVICE_FAMILY = "1,2";
			};
			name = Debug;
		};
		6063DE87243886ED002C1536 /* Release */ = {
			isa = XCBuildConfiguration;
			buildSettings = {
				ASSETCATALOG_COMPILER_APPICON_NAME = AppIcon;
				CODE_SIGN_STYLE = Automatic;
				DEVELOPMENT_ASSET_PATHS = "\"Porsche Motorsport/Preview Content\"";
				DEVELOPMENT_TEAM = HRVS9455XM;
				ENABLE_PREVIEWS = YES;
				INFOPLIST_FILE = "Porsche Motorsport/Info.plist";
				LD_RUNPATH_SEARCH_PATHS = (
					"$(inherited)",
					"@executable_path/Frameworks",
				);
				PRODUCT_BUNDLE_IDENTIFIER = "dev.gionoa.Porsche-Motorsport";
				PRODUCT_NAME = "$(TARGET_NAME)";
				SWIFT_VERSION = 5.0;
				TARGETED_DEVICE_FAMILY = "1,2";
			};
			name = Release;
		};
		6063DE89243886ED002C1536 /* Debug */ = {
			isa = XCBuildConfiguration;
			buildSettings = {
				ALWAYS_EMBED_SWIFT_STANDARD_LIBRARIES = YES;
				BUNDLE_LOADER = "$(TEST_HOST)";
				CODE_SIGN_STYLE = Automatic;
				DEVELOPMENT_TEAM = HRVS9455XM;
				INFOPLIST_FILE = "Porsche MotorsportTests/Info.plist";
				IPHONEOS_DEPLOYMENT_TARGET = 13.4;
				LD_RUNPATH_SEARCH_PATHS = (
					"$(inherited)",
					"@executable_path/Frameworks",
					"@loader_path/Frameworks",
				);
				PRODUCT_BUNDLE_IDENTIFIER = "dev.gionoa.Porsche-MotorsportTests";
				PRODUCT_NAME = "$(TARGET_NAME)";
				SWIFT_VERSION = 5.0;
				TARGETED_DEVICE_FAMILY = "1,2";
				TEST_HOST = "$(BUILT_PRODUCTS_DIR)/Porsche Motorsport.app/Porsche Motorsport";
			};
			name = Debug;
		};
		6063DE8A243886ED002C1536 /* Release */ = {
			isa = XCBuildConfiguration;
			buildSettings = {
				ALWAYS_EMBED_SWIFT_STANDARD_LIBRARIES = YES;
				BUNDLE_LOADER = "$(TEST_HOST)";
				CODE_SIGN_STYLE = Automatic;
				DEVELOPMENT_TEAM = HRVS9455XM;
				INFOPLIST_FILE = "Porsche MotorsportTests/Info.plist";
				IPHONEOS_DEPLOYMENT_TARGET = 13.4;
				LD_RUNPATH_SEARCH_PATHS = (
					"$(inherited)",
					"@executable_path/Frameworks",
					"@loader_path/Frameworks",
				);
				PRODUCT_BUNDLE_IDENTIFIER = "dev.gionoa.Porsche-MotorsportTests";
				PRODUCT_NAME = "$(TARGET_NAME)";
				SWIFT_VERSION = 5.0;
				TARGETED_DEVICE_FAMILY = "1,2";
				TEST_HOST = "$(BUILT_PRODUCTS_DIR)/Porsche Motorsport.app/Porsche Motorsport";
			};
			name = Release;
		};
/* End XCBuildConfiguration section */

/* Begin XCConfigurationList section */
		6063DE61243886ED002C1536 /* Build configuration list for PBXProject "Porsche Motorsport" */ = {
			isa = XCConfigurationList;
			buildConfigurations = (
				6063DE83243886ED002C1536 /* Debug */,
				6063DE84243886ED002C1536 /* Release */,
			);
			defaultConfigurationIsVisible = 0;
			defaultConfigurationName = Release;
		};
		6063DE85243886ED002C1536 /* Build configuration list for PBXNativeTarget "Porsche Motorsport" */ = {
			isa = XCConfigurationList;
			buildConfigurations = (
				6063DE86243886ED002C1536 /* Debug */,
				6063DE87243886ED002C1536 /* Release */,
			);
			defaultConfigurationIsVisible = 0;
			defaultConfigurationName = Release;
		};
		6063DE88243886ED002C1536 /* Build configuration list for PBXNativeTarget "Porsche MotorsportTests" */ = {
			isa = XCConfigurationList;
			buildConfigurations = (
				6063DE89243886ED002C1536 /* Debug */,
				6063DE8A243886ED002C1536 /* Release */,
			);
			defaultConfigurationIsVisible = 0;
			defaultConfigurationName = Release;
		};
/* End XCConfigurationList section */

/* Begin XCRemoteSwiftPackageReference section */
		60620A8124395C6E007B36C5 /* XCRemoteSwiftPackageReference "SDWebImageSwiftUI" */ = {
			isa = XCRemoteSwiftPackageReference;
			repositoryURL = "https://github.com/SDWebImage/SDWebImageSwiftUI.git";
			requirement = {
				kind = upToNextMajorVersion;
				minimumVersion = 1.2.1;
			};
		};
/* End XCRemoteSwiftPackageReference section */

/* Begin XCSwiftPackageProductDependency section */
		60620A8224395C6E007B36C5 /* SDWebImageSwiftUI */ = {
			isa = XCSwiftPackageProductDependency;
			package = 60620A8124395C6E007B36C5 /* XCRemoteSwiftPackageReference "SDWebImageSwiftUI" */;
			productName = SDWebImageSwiftUI;
		};
/* End XCSwiftPackageProductDependency section */
	};
	rootObject = 6063DE5E243886ED002C1536 /* Project object */;
}
